// !$*UTF8*$!
{
	archiveVersion = 1;
	classes = {
	};
	objectVersion = 50;
	objects = {

/* Begin PBXBuildFile section */
		8418DBE22512D212003FFFE8 /* PokemonMO.swift in Sources */ = {isa = PBXBuildFile; fileRef = 8418DBE12512D212003FFFE8 /* PokemonMO.swift */; };
		8428B0B62505480D00B785CE /* PokemonDetailViewModel.swift in Sources */ = {isa = PBXBuildFile; fileRef = 8428B0B52505480D00B785CE /* PokemonDetailViewModel.swift */; };
		8428B0B82505488300B785CE /* DetailView.swift in Sources */ = {isa = PBXBuildFile; fileRef = 8428B0B72505488300B785CE /* DetailView.swift */; };
		843C25AC25070D83005E79F2 /* ImageLoader.swift in Sources */ = {isa = PBXBuildFile; fileRef = 843C25AB25070D83005E79F2 /* ImageLoader.swift */; };
		844682FF250EF402007C413E /* PokemonLoadingViewModel.swift in Sources */ = {isa = PBXBuildFile; fileRef = 844682FE250EF402007C413E /* PokemonLoadingViewModel.swift */; };
		84468301250EFC39007C413E /* LoadingView.swift in Sources */ = {isa = PBXBuildFile; fileRef = 84468300250EFC39007C413E /* LoadingView.swift */; };
		84468303250FAC02007C413E /* Translator.swift in Sources */ = {isa = PBXBuildFile; fileRef = 84468302250FAC02007C413E /* Translator.swift */; };
		84468307250FB910007C413E /* TranslatorTests.swift in Sources */ = {isa = PBXBuildFile; fileRef = 84468306250FB910007C413E /* TranslatorTests.swift */; };
		8457C4B2250135FA00F3E37E /* AppDelegate.swift in Sources */ = {isa = PBXBuildFile; fileRef = 8457C4B1250135FA00F3E37E /* AppDelegate.swift */; };
		8457C4B4250135FA00F3E37E /* SceneDelegate.swift in Sources */ = {isa = PBXBuildFile; fileRef = 8457C4B3250135FA00F3E37E /* SceneDelegate.swift */; };
		8457C4B7250135FA00F3E37E /* Pokedex.xcdatamodeld in Sources */ = {isa = PBXBuildFile; fileRef = 8457C4B5250135FA00F3E37E /* Pokedex.xcdatamodeld */; };
		8457C4BB250135FD00F3E37E /* Assets.xcassets in Resources */ = {isa = PBXBuildFile; fileRef = 8457C4BA250135FD00F3E37E /* Assets.xcassets */; };
		8457C4BE250135FD00F3E37E /* Preview Assets.xcassets in Resources */ = {isa = PBXBuildFile; fileRef = 8457C4BD250135FD00F3E37E /* Preview Assets.xcassets */; };
		8457C4C1250135FD00F3E37E /* LaunchScreen.storyboard in Resources */ = {isa = PBXBuildFile; fileRef = 8457C4BF250135FD00F3E37E /* LaunchScreen.storyboard */; };
		8457C4D7250135FD00F3E37E /* PokedexUITests.swift in Sources */ = {isa = PBXBuildFile; fileRef = 8457C4D6250135FD00F3E37E /* PokedexUITests.swift */; };
		8457C4E52501362300F3E37E /* Pokemon.swift in Sources */ = {isa = PBXBuildFile; fileRef = 8457C4E42501362300F3E37E /* Pokemon.swift */; };
		8457C4E7250136CA00F3E37E /* PokemonManager.swift in Sources */ = {isa = PBXBuildFile; fileRef = 8457C4E6250136CA00F3E37E /* PokemonManager.swift */; };
		8457C4E92501392B00F3E37E /* PokemonListViewModel.swift in Sources */ = {isa = PBXBuildFile; fileRef = 8457C4E82501392B00F3E37E /* PokemonListViewModel.swift */; };
		8457C4EC2501475E00F3E37E /* FakePokemonManager.swift in Sources */ = {isa = PBXBuildFile; fileRef = 8457C4EB2501475E00F3E37E /* FakePokemonManager.swift */; };
		8457C4EE250148BA00F3E37E /* ListView.swift in Sources */ = {isa = PBXBuildFile; fileRef = 8457C4ED250148BA00F3E37E /* ListView.swift */; };
		8474CD442516EFA500553655 /* Prod.xcconfig in Resources */ = {isa = PBXBuildFile; fileRef = 8474CD432516EFA500553655 /* Prod.xcconfig */; };
		8474CD712516F93800553655 /* ConfigManager.swift in Sources */ = {isa = PBXBuildFile; fileRef = 8474CD702516F93800553655 /* ConfigManager.swift */; };
		84A01A09250C38C700C1D7F1 /* LCFramework.framework in Frameworks */ = {isa = PBXBuildFile; fileRef = 84A01A08250C38C700C1D7F1 /* LCFramework.framework */; };
		84A01A0A250C38C700C1D7F1 /* LCFramework.framework in Embed Frameworks */ = {isa = PBXBuildFile; fileRef = 84A01A08250C38C700C1D7F1 /* LCFramework.framework */; settings = {ATTRIBUTES = (CodeSignOnCopy, RemoveHeadersOnCopy, ); }; };
		84CCB74D25119F8700F3EB9F /* Type.swift in Sources */ = {isa = PBXBuildFile; fileRef = 84CCB74C25119F8700F3EB9F /* Type.swift */; };
		84CCB74F2511ABEE00F3EB9F /* Types.json in Resources */ = {isa = PBXBuildFile; fileRef = 84CCB74E2511ABEE00F3EB9F /* Types.json */; };
		84DB8F84250D9F3300B1E8BD /* PokeAPI.swift in Sources */ = {isa = PBXBuildFile; fileRef = 84DB8F83250D9F3300B1E8BD /* PokeAPI.swift */; };
		84DB8F86250DACE600B1E8BD /* PokeAPITests.swift in Sources */ = {isa = PBXBuildFile; fileRef = 84DB8F85250DACE600B1E8BD /* PokeAPITests.swift */; };
		84DB8F89250DCAE900B1E8BD /* Pokemon.json in Resources */ = {isa = PBXBuildFile; fileRef = 84DB8F88250DCAE900B1E8BD /* Pokemon.json */; };
		84DB8F8B250DCCB600B1E8BD /* Species.json in Resources */ = {isa = PBXBuildFile; fileRef = 84DB8F8A250DCCB600B1E8BD /* Species.json */; };
		84FD5A492501823B007D9DE0 /* KeyboardResponder.swift in Sources */ = {isa = PBXBuildFile; fileRef = 84FD5A482501823B007D9DE0 /* KeyboardResponder.swift */; };
		84FD5A6E2503DC62007D9DE0 /* PokemonStore.swift in Sources */ = {isa = PBXBuildFile; fileRef = 84FD5A6D2503DC62007D9DE0 /* PokemonStore.swift */; };
/* End PBXBuildFile section */

/* Begin PBXContainerItemProxy section */
		8457C4C8250135FD00F3E37E /* PBXContainerItemProxy */ = {
			isa = PBXContainerItemProxy;
			containerPortal = 8457C4A6250135FA00F3E37E /* Project object */;
			proxyType = 1;
			remoteGlobalIDString = 8457C4AD250135FA00F3E37E;
			remoteInfo = Pokedex;
		};
		8457C4D3250135FD00F3E37E /* PBXContainerItemProxy */ = {
			isa = PBXContainerItemProxy;
			containerPortal = 8457C4A6250135FA00F3E37E /* Project object */;
			proxyType = 1;
			remoteGlobalIDString = 8457C4AD250135FA00F3E37E;
			remoteInfo = Pokedex;
		};
/* End PBXContainerItemProxy section */

/* Begin PBXCopyFilesBuildPhase section */
		84A01A0B250C38C800C1D7F1 /* Embed Frameworks */ = {
			isa = PBXCopyFilesBuildPhase;
			buildActionMask = 2147483647;
			dstPath = "";
			dstSubfolderSpec = 10;
			files = (
				84A01A0A250C38C700C1D7F1 /* LCFramework.framework in Embed Frameworks */,
			);
			name = "Embed Frameworks";
			runOnlyForDeploymentPostprocessing = 0;
		};
/* End PBXCopyFilesBuildPhase section */

/* Begin PBXFileReference section */
		8418DBE12512D212003FFFE8 /* PokemonMO.swift */ = {isa = PBXFileReference; lastKnownFileType = sourcecode.swift; path = PokemonMO.swift; sourceTree = "<group>"; };
		8428B0B52505480D00B785CE /* PokemonDetailViewModel.swift */ = {isa = PBXFileReference; lastKnownFileType = sourcecode.swift; path = PokemonDetailViewModel.swift; sourceTree = "<group>"; };
		8428B0B72505488300B785CE /* DetailView.swift */ = {isa = PBXFileReference; lastKnownFileType = sourcecode.swift; path = DetailView.swift; sourceTree = "<group>"; };
		843C25AB25070D83005E79F2 /* ImageLoader.swift */ = {isa = PBXFileReference; lastKnownFileType = sourcecode.swift; path = ImageLoader.swift; sourceTree = "<group>"; };
		844682FE250EF402007C413E /* PokemonLoadingViewModel.swift */ = {isa = PBXFileReference; lastKnownFileType = sourcecode.swift; path = PokemonLoadingViewModel.swift; sourceTree = "<group>"; };
		84468300250EFC39007C413E /* LoadingView.swift */ = {isa = PBXFileReference; lastKnownFileType = sourcecode.swift; path = LoadingView.swift; sourceTree = "<group>"; };
		84468302250FAC02007C413E /* Translator.swift */ = {isa = PBXFileReference; lastKnownFileType = sourcecode.swift; path = Translator.swift; sourceTree = "<group>"; };
		84468306250FB910007C413E /* TranslatorTests.swift */ = {isa = PBXFileReference; lastKnownFileType = sourcecode.swift; path = TranslatorTests.swift; sourceTree = "<group>"; };
		8457C4AE250135FA00F3E37E /* Pokedex.app */ = {isa = PBXFileReference; explicitFileType = wrapper.application; includeInIndex = 0; path = Pokedex.app; sourceTree = BUILT_PRODUCTS_DIR; };
		8457C4B1250135FA00F3E37E /* AppDelegate.swift */ = {isa = PBXFileReference; lastKnownFileType = sourcecode.swift; path = AppDelegate.swift; sourceTree = "<group>"; };
		8457C4B3250135FA00F3E37E /* SceneDelegate.swift */ = {isa = PBXFileReference; lastKnownFileType = sourcecode.swift; path = SceneDelegate.swift; sourceTree = "<group>"; };
		8457C4B6250135FA00F3E37E /* Pokedex.xcdatamodel */ = {isa = PBXFileReference; lastKnownFileType = wrapper.xcdatamodel; path = Pokedex.xcdatamodel; sourceTree = "<group>"; };
		8457C4BA250135FD00F3E37E /* Assets.xcassets */ = {isa = PBXFileReference; lastKnownFileType = folder.assetcatalog; path = Assets.xcassets; sourceTree = "<group>"; };
		8457C4BD250135FD00F3E37E /* Preview Assets.xcassets */ = {isa = PBXFileReference; lastKnownFileType = folder.assetcatalog; path = "Preview Assets.xcassets"; sourceTree = "<group>"; };
		8457C4C0250135FD00F3E37E /* Base */ = {isa = PBXFileReference; lastKnownFileType = file.storyboard; name = Base; path = Base.lproj/LaunchScreen.storyboard; sourceTree = "<group>"; };
		8457C4C2250135FD00F3E37E /* Info.plist */ = {isa = PBXFileReference; lastKnownFileType = text.plist.xml; path = Info.plist; sourceTree = "<group>"; };
		8457C4C7250135FD00F3E37E /* PokedexTests.xctest */ = {isa = PBXFileReference; explicitFileType = wrapper.cfbundle; includeInIndex = 0; path = PokedexTests.xctest; sourceTree = BUILT_PRODUCTS_DIR; };
		8457C4CD250135FD00F3E37E /* Info.plist */ = {isa = PBXFileReference; lastKnownFileType = text.plist.xml; path = Info.plist; sourceTree = "<group>"; };
		8457C4D2250135FD00F3E37E /* PokedexUITests.xctest */ = {isa = PBXFileReference; explicitFileType = wrapper.cfbundle; includeInIndex = 0; path = PokedexUITests.xctest; sourceTree = BUILT_PRODUCTS_DIR; };
		8457C4D6250135FD00F3E37E /* PokedexUITests.swift */ = {isa = PBXFileReference; lastKnownFileType = sourcecode.swift; path = PokedexUITests.swift; sourceTree = "<group>"; };
		8457C4D8250135FD00F3E37E /* Info.plist */ = {isa = PBXFileReference; lastKnownFileType = text.plist.xml; path = Info.plist; sourceTree = "<group>"; };
		8457C4E42501362300F3E37E /* Pokemon.swift */ = {isa = PBXFileReference; lastKnownFileType = sourcecode.swift; path = Pokemon.swift; sourceTree = "<group>"; };
		8457C4E6250136CA00F3E37E /* PokemonManager.swift */ = {isa = PBXFileReference; lastKnownFileType = sourcecode.swift; path = PokemonManager.swift; sourceTree = "<group>"; };
		8457C4E82501392B00F3E37E /* PokemonListViewModel.swift */ = {isa = PBXFileReference; lastKnownFileType = sourcecode.swift; path = PokemonListViewModel.swift; sourceTree = "<group>"; };
		8457C4EB2501475E00F3E37E /* FakePokemonManager.swift */ = {isa = PBXFileReference; lastKnownFileType = sourcecode.swift; path = FakePokemonManager.swift; sourceTree = "<group>"; };
		8457C4ED250148BA00F3E37E /* ListView.swift */ = {isa = PBXFileReference; lastKnownFileType = sourcecode.swift; path = ListView.swift; sourceTree = "<group>"; };
		846A7F78250BDD79007EED25 /* LCFramework.framework */ = {isa = PBXFileReference; explicitFileType = wrapper.framework; path = LCFramework.framework; sourceTree = BUILT_PRODUCTS_DIR; };
		8474CD432516EFA500553655 /* Prod.xcconfig */ = {isa = PBXFileReference; lastKnownFileType = text.xcconfig; path = Prod.xcconfig; sourceTree = "<group>"; };
		8474CD702516F93800553655 /* ConfigManager.swift */ = {isa = PBXFileReference; lastKnownFileType = sourcecode.swift; path = ConfigManager.swift; sourceTree = "<group>"; };
		848A4FB8250C365D005249C5 /* LCFramework.framework */ = {isa = PBXFileReference; explicitFileType = wrapper.framework; path = LCFramework.framework; sourceTree = BUILT_PRODUCTS_DIR; };
		84A01A08250C38C700C1D7F1 /* LCFramework.framework */ = {isa = PBXFileReference; explicitFileType = wrapper.framework; path = LCFramework.framework; sourceTree = BUILT_PRODUCTS_DIR; };
		84CCB74C25119F8700F3EB9F /* Type.swift */ = {isa = PBXFileReference; lastKnownFileType = sourcecode.swift; path = Type.swift; sourceTree = "<group>"; };
		84CCB74E2511ABEE00F3EB9F /* Types.json */ = {isa = PBXFileReference; lastKnownFileType = text.json; path = Types.json; sourceTree = "<group>"; };
		84DB8F83250D9F3300B1E8BD /* PokeAPI.swift */ = {isa = PBXFileReference; lastKnownFileType = sourcecode.swift; path = PokeAPI.swift; sourceTree = "<group>"; };
		84DB8F85250DACE600B1E8BD /* PokeAPITests.swift */ = {isa = PBXFileReference; lastKnownFileType = sourcecode.swift; path = PokeAPITests.swift; sourceTree = "<group>"; };
		84DB8F88250DCAE900B1E8BD /* Pokemon.json */ = {isa = PBXFileReference; lastKnownFileType = text.json; path = Pokemon.json; sourceTree = "<group>"; };
		84DB8F8A250DCCB600B1E8BD /* Species.json */ = {isa = PBXFileReference; lastKnownFileType = text.json; path = Species.json; sourceTree = "<group>"; };
		84FD5A482501823B007D9DE0 /* KeyboardResponder.swift */ = {isa = PBXFileReference; lastKnownFileType = sourcecode.swift; path = KeyboardResponder.swift; sourceTree = "<group>"; };
		84FD5A6D2503DC62007D9DE0 /* PokemonStore.swift */ = {isa = PBXFileReference; lastKnownFileType = sourcecode.swift; path = PokemonStore.swift; sourceTree = "<group>"; };
/* End PBXFileReference section */

/* Begin PBXFrameworksBuildPhase section */
		8457C4AB250135FA00F3E37E /* Frameworks */ = {
			isa = PBXFrameworksBuildPhase;
			buildActionMask = 2147483647;
			files = (
				84A01A09250C38C700C1D7F1 /* LCFramework.framework in Frameworks */,
			);
			runOnlyForDeploymentPostprocessing = 0;
		};
		8457C4C4250135FD00F3E37E /* Frameworks */ = {
			isa = PBXFrameworksBuildPhase;
			buildActionMask = 2147483647;
			files = (
			);
			runOnlyForDeploymentPostprocessing = 0;
		};
		8457C4CF250135FD00F3E37E /* Frameworks */ = {
			isa = PBXFrameworksBuildPhase;
			buildActionMask = 2147483647;
			files = (
			);
			runOnlyForDeploymentPostprocessing = 0;
		};
/* End PBXFrameworksBuildPhase section */

/* Begin PBXGroup section */
		8457C4A5250135FA00F3E37E = {
			isa = PBXGroup;
			children = (
				8457C4B0250135FA00F3E37E /* Pokedex */,
				8457C4CA250135FD00F3E37E /* PokedexTests */,
				8457C4D5250135FD00F3E37E /* PokedexUITests */,
				8457C4AF250135FA00F3E37E /* Products */,
				84FD5A612502E9B1007D9DE0 /* Frameworks */,
			);
			sourceTree = "<group>";
		};
		8457C4AF250135FA00F3E37E /* Products */ = {
			isa = PBXGroup;
			children = (
				8457C4AE250135FA00F3E37E /* Pokedex.app */,
				8457C4C7250135FD00F3E37E /* PokedexTests.xctest */,
				8457C4D2250135FD00F3E37E /* PokedexUITests.xctest */,
			);
			name = Products;
			sourceTree = "<group>";
		};
		8457C4B0250135FA00F3E37E /* Pokedex */ = {
			isa = PBXGroup;
			children = (
				8457C4B1250135FA00F3E37E /* AppDelegate.swift */,
				84DB8F87250DCACB00B1E8BD /* Reponses */,
				8457C4B3250135FA00F3E37E /* SceneDelegate.swift */,
				8474CD432516EFA500553655 /* Prod.xcconfig */,
				8457C4BA250135FD00F3E37E /* Assets.xcassets */,
				8457C4BF250135FD00F3E37E /* LaunchScreen.storyboard */,
				8457C4C2250135FD00F3E37E /* Info.plist */,
				8457C4B5250135FA00F3E37E /* Pokedex.xcdatamodeld */,
				8457C4BC250135FD00F3E37E /* Preview Content */,
				8457C4EF25014CEA00F3E37E /* Model */,
				8457C4F025014CF400F3E37E /* ViewModel */,
				8457C4F125014CFA00F3E37E /* View */,
			);
			path = Pokedex;
			sourceTree = "<group>";
		};
		8457C4BC250135FD00F3E37E /* Preview Content */ = {
			isa = PBXGroup;
			children = (
				8457C4BD250135FD00F3E37E /* Preview Assets.xcassets */,
			);
			path = "Preview Content";
			sourceTree = "<group>";
		};
		8457C4CA250135FD00F3E37E /* PokedexTests */ = {
			isa = PBXGroup;
			children = (
				84DB8F85250DACE600B1E8BD /* PokeAPITests.swift */,
				84468306250FB910007C413E /* TranslatorTests.swift */,
				8457C4CD250135FD00F3E37E /* Info.plist */,
			);
			path = PokedexTests;
			sourceTree = "<group>";
		};
		8457C4D5250135FD00F3E37E /* PokedexUITests */ = {
			isa = PBXGroup;
			children = (
				8457C4D6250135FD00F3E37E /* PokedexUITests.swift */,
				8457C4D8250135FD00F3E37E /* Info.plist */,
			);
			path = PokedexUITests;
			sourceTree = "<group>";
		};
		8457C4EA2501472F00F3E37E /* Fake */ = {
			isa = PBXGroup;
			children = (
				8457C4EB2501475E00F3E37E /* FakePokemonManager.swift */,
			);
			path = Fake;
			sourceTree = "<group>";
		};
		8457C4EF25014CEA00F3E37E /* Model */ = {
			isa = PBXGroup;
			children = (
				846BCB4D250C3D9400EA32BE /* Data */,
				84FD5A6A2503C733007D9DE0 /* Manager */,
				84FD5A47250181BE007D9DE0 /* Service */,
				84FD5A692503C6FF007D9DE0 /* Context */,
			);
			path = Model;
			sourceTree = "<group>";
		};
		8457C4F025014CF400F3E37E /* ViewModel */ = {
			isa = PBXGroup;
			children = (
				8457C4E82501392B00F3E37E /* PokemonListViewModel.swift */,
				844682FE250EF402007C413E /* PokemonLoadingViewModel.swift */,
				8428B0B52505480D00B785CE /* PokemonDetailViewModel.swift */,
			);
			path = ViewModel;
			sourceTree = "<group>";
		};
		8457C4F125014CFA00F3E37E /* View */ = {
			isa = PBXGroup;
			children = (
				84468300250EFC39007C413E /* LoadingView.swift */,
				8457C4ED250148BA00F3E37E /* ListView.swift */,
				8428B0B72505488300B785CE /* DetailView.swift */,
			);
			path = View;
			sourceTree = "<group>";
		};
		846BCB4D250C3D9400EA32BE /* Data */ = {
			isa = PBXGroup;
			children = (
				8418DBE12512D212003FFFE8 /* PokemonMO.swift */,
				8457C4E42501362300F3E37E /* Pokemon.swift */,
				84CCB74C25119F8700F3EB9F /* Type.swift */,
			);
			path = Data;
			sourceTree = "<group>";
		};
		84DB8F87250DCACB00B1E8BD /* Reponses */ = {
			isa = PBXGroup;
			children = (
				84DB8F88250DCAE900B1E8BD /* Pokemon.json */,
				84DB8F8A250DCCB600B1E8BD /* Species.json */,
				84CCB74E2511ABEE00F3EB9F /* Types.json */,
			);
			path = Reponses;
			sourceTree = "<group>";
		};
		84FD5A47250181BE007D9DE0 /* Service */ = {
			isa = PBXGroup;
			children = (
				84FD5A6D2503DC62007D9DE0 /* PokemonStore.swift */,
				84FD5A482501823B007D9DE0 /* KeyboardResponder.swift */,
				84DB8F83250D9F3300B1E8BD /* PokeAPI.swift */,
				843C25AB25070D83005E79F2 /* ImageLoader.swift */,
				84468302250FAC02007C413E /* Translator.swift */,
			);
			path = Service;
			sourceTree = "<group>";
		};
		84FD5A612502E9B1007D9DE0 /* Frameworks */ = {
			isa = PBXGroup;
			children = (
				84A01A08250C38C700C1D7F1 /* LCFramework.framework */,
				848A4FB8250C365D005249C5 /* LCFramework.framework */,
				846A7F78250BDD79007EED25 /* LCFramework.framework */,
			);
			name = Frameworks;
			sourceTree = "<group>";
		};
		84FD5A692503C6FF007D9DE0 /* Context */ = {
			isa = PBXGroup;
			children = (
				8457C4EA2501472F00F3E37E /* Fake */,
			);
			path = Context;
			sourceTree = "<group>";
		};
		84FD5A6A2503C733007D9DE0 /* Manager */ = {
			isa = PBXGroup;
			children = (
				8457C4E6250136CA00F3E37E /* PokemonManager.swift */,
				8474CD702516F93800553655 /* ConfigManager.swift */,
			);
			path = Manager;
			sourceTree = "<group>";
		};
/* End PBXGroup section */

/* Begin PBXNativeTarget section */
		8457C4AD250135FA00F3E37E /* Pokedex */ = {
			isa = PBXNativeTarget;
			buildConfigurationList = 8457C4DB250135FD00F3E37E /* Build configuration list for PBXNativeTarget "Pokedex" */;
			buildPhases = (
				8457C4AA250135FA00F3E37E /* Sources */,
				8457C4AB250135FA00F3E37E /* Frameworks */,
				8457C4AC250135FA00F3E37E /* Resources */,
				84A01A0B250C38C800C1D7F1 /* Embed Frameworks */,
			);
			buildRules = (
			);
			dependencies = (
			);
			name = Pokedex;
			packageProductDependencies = (
			);
			productName = Pokedex;
			productReference = 8457C4AE250135FA00F3E37E /* Pokedex.app */;
			productType = "com.apple.product-type.application";
		};
		8457C4C6250135FD00F3E37E /* PokedexTests */ = {
			isa = PBXNativeTarget;
			buildConfigurationList = 8457C4DE250135FD00F3E37E /* Build configuration list for PBXNativeTarget "PokedexTests" */;
			buildPhases = (
				8457C4C3250135FD00F3E37E /* Sources */,
				8457C4C4250135FD00F3E37E /* Frameworks */,
				8457C4C5250135FD00F3E37E /* Resources */,
			);
			buildRules = (
			);
			dependencies = (
				8457C4C9250135FD00F3E37E /* PBXTargetDependency */,
			);
			name = PokedexTests;
			productName = PokedexTests;
			productReference = 8457C4C7250135FD00F3E37E /* PokedexTests.xctest */;
			productType = "com.apple.product-type.bundle.unit-test";
		};
		8457C4D1250135FD00F3E37E /* PokedexUITests */ = {
			isa = PBXNativeTarget;
			buildConfigurationList = 8457C4E1250135FD00F3E37E /* Build configuration list for PBXNativeTarget "PokedexUITests" */;
			buildPhases = (
				8457C4CE250135FD00F3E37E /* Sources */,
				8457C4CF250135FD00F3E37E /* Frameworks */,
				8457C4D0250135FD00F3E37E /* Resources */,
			);
			buildRules = (
			);
			dependencies = (
				8457C4D4250135FD00F3E37E /* PBXTargetDependency */,
			);
			name = PokedexUITests;
			productName = PokedexUITests;
			productReference = 8457C4D2250135FD00F3E37E /* PokedexUITests.xctest */;
			productType = "com.apple.product-type.bundle.ui-testing";
		};
/* End PBXNativeTarget section */

/* Begin PBXProject section */
		8457C4A6250135FA00F3E37E /* Project object */ = {
			isa = PBXProject;
			attributes = {
				LastSwiftUpdateCheck = 1160;
				LastUpgradeCheck = 1200;
				ORGANIZATIONNAME = Devios;
				TargetAttributes = {
					8457C4AD250135FA00F3E37E = {
						CreatedOnToolsVersion = 11.6;
					};
					8457C4C6250135FD00F3E37E = {
						CreatedOnToolsVersion = 11.6;
						TestTargetID = 8457C4AD250135FA00F3E37E;
					};
					8457C4D1250135FD00F3E37E = {
						CreatedOnToolsVersion = 11.6;
						TestTargetID = 8457C4AD250135FA00F3E37E;
					};
				};
			};
			buildConfigurationList = 8457C4A9250135FA00F3E37E /* Build configuration list for PBXProject "Pokedex" */;
			compatibilityVersion = "Xcode 9.3";
			developmentRegion = en;
			hasScannedForEncodings = 0;
			knownRegions = (
				en,
				Base,
			);
			mainGroup = 8457C4A5250135FA00F3E37E;
			packageReferences = (
			);
			productRefGroup = 8457C4AF250135FA00F3E37E /* Products */;
			projectDirPath = "";
			projectRoot = "";
			targets = (
				8457C4AD250135FA00F3E37E /* Pokedex */,
				8457C4C6250135FD00F3E37E /* PokedexTests */,
				8457C4D1250135FD00F3E37E /* PokedexUITests */,
			);
		};
/* End PBXProject section */

/* Begin PBXResourcesBuildPhase section */
		8457C4AC250135FA00F3E37E /* Resources */ = {
			isa = PBXResourcesBuildPhase;
			buildActionMask = 2147483647;
			files = (
				8457C4C1250135FD00F3E37E /* LaunchScreen.storyboard in Resources */,
				84DB8F8B250DCCB600B1E8BD /* Species.json in Resources */,
				84DB8F89250DCAE900B1E8BD /* Pokemon.json in Resources */,
				84CCB74F2511ABEE00F3EB9F /* Types.json in Resources */,
				8457C4BE250135FD00F3E37E /* Preview Assets.xcassets in Resources */,
				8457C4BB250135FD00F3E37E /* Assets.xcassets in Resources */,
				8474CD442516EFA500553655 /* Prod.xcconfig in Resources */,
			);
			runOnlyForDeploymentPostprocessing = 0;
		};
		8457C4C5250135FD00F3E37E /* Resources */ = {
			isa = PBXResourcesBuildPhase;
			buildActionMask = 2147483647;
			files = (
			);
			runOnlyForDeploymentPostprocessing = 0;
		};
		8457C4D0250135FD00F3E37E /* Resources */ = {
			isa = PBXResourcesBuildPhase;
			buildActionMask = 2147483647;
			files = (
			);
			runOnlyForDeploymentPostprocessing = 0;
		};
/* End PBXResourcesBuildPhase section */

/* Begin PBXSourcesBuildPhase section */
		8457C4AA250135FA00F3E37E /* Sources */ = {
			isa = PBXSourcesBuildPhase;
			buildActionMask = 2147483647;
			files = (
				8457C4E52501362300F3E37E /* Pokemon.swift in Sources */,
				84DB8F84250D9F3300B1E8BD /* PokeAPI.swift in Sources */,
				8457C4E7250136CA00F3E37E /* PokemonManager.swift in Sources */,
				8474CD712516F93800553655 /* ConfigManager.swift in Sources */,
				8457C4B2250135FA00F3E37E /* AppDelegate.swift in Sources */,
				8457C4B7250135FA00F3E37E /* Pokedex.xcdatamodeld in Sources */,
				84468301250EFC39007C413E /* LoadingView.swift in Sources */,
				84468303250FAC02007C413E /* Translator.swift in Sources */,
				84FD5A492501823B007D9DE0 /* KeyboardResponder.swift in Sources */,
				8457C4E92501392B00F3E37E /* PokemonListViewModel.swift in Sources */,
				8428B0B82505488300B785CE /* DetailView.swift in Sources */,
				843C25AC25070D83005E79F2 /* ImageLoader.swift in Sources */,
				8457C4EC2501475E00F3E37E /* FakePokemonManager.swift in Sources */,
				8418DBE22512D212003FFFE8 /* PokemonMO.swift in Sources */,
				84FD5A6E2503DC62007D9DE0 /* PokemonStore.swift in Sources */,
				8457C4EE250148BA00F3E37E /* ListView.swift in Sources */,
				84CCB74D25119F8700F3EB9F /* Type.swift in Sources */,
				844682FF250EF402007C413E /* PokemonLoadingViewModel.swift in Sources */,
				8457C4B4250135FA00F3E37E /* SceneDelegate.swift in Sources */,
				8428B0B62505480D00B785CE /* PokemonDetailViewModel.swift in Sources */,
			);
			runOnlyForDeploymentPostprocessing = 0;
		};
		8457C4C3250135FD00F3E37E /* Sources */ = {
			isa = PBXSourcesBuildPhase;
			buildActionMask = 2147483647;
			files = (
				84DB8F86250DACE600B1E8BD /* PokeAPITests.swift in Sources */,
				84468307250FB910007C413E /* TranslatorTests.swift in Sources */,
			);
			runOnlyForDeploymentPostprocessing = 0;
		};
		8457C4CE250135FD00F3E37E /* Sources */ = {
			isa = PBXSourcesBuildPhase;
			buildActionMask = 2147483647;
			files = (
				8457C4D7250135FD00F3E37E /* PokedexUITests.swift in Sources */,
			);
			runOnlyForDeploymentPostprocessing = 0;
		};
/* End PBXSourcesBuildPhase section */

/* Begin PBXTargetDependency section */
		8457C4C9250135FD00F3E37E /* PBXTargetDependency */ = {
			isa = PBXTargetDependency;
			target = 8457C4AD250135FA00F3E37E /* Pokedex */;
			targetProxy = 8457C4C8250135FD00F3E37E /* PBXContainerItemProxy */;
		};
		8457C4D4250135FD00F3E37E /* PBXTargetDependency */ = {
			isa = PBXTargetDependency;
			target = 8457C4AD250135FA00F3E37E /* Pokedex */;
			targetProxy = 8457C4D3250135FD00F3E37E /* PBXContainerItemProxy */;
		};
/* End PBXTargetDependency section */

/* Begin PBXVariantGroup section */
		8457C4BF250135FD00F3E37E /* LaunchScreen.storyboard */ = {
			isa = PBXVariantGroup;
			children = (
				8457C4C0250135FD00F3E37E /* Base */,
			);
			name = LaunchScreen.storyboard;
			sourceTree = "<group>";
		};
/* End PBXVariantGroup section */

/* Begin XCBuildConfiguration section */
		8457C4D9250135FD00F3E37E /* Debug */ = {
			isa = XCBuildConfiguration;
			baseConfigurationReference = 8474CD432516EFA500553655 /* Prod.xcconfig */;
			buildSettings = {
				ALWAYS_SEARCH_USER_PATHS = NO;
				CLANG_ANALYZER_NONNULL = YES;
				CLANG_ANALYZER_NUMBER_OBJECT_CONVERSION = YES_AGGRESSIVE;
				CLANG_CXX_LANGUAGE_STANDARD = "gnu++14";
				CLANG_CXX_LIBRARY = "libc++";
				CLANG_ENABLE_MODULES = YES;
				CLANG_ENABLE_OBJC_ARC = YES;
				CLANG_ENABLE_OBJC_WEAK = YES;
				CLANG_WARN_BLOCK_CAPTURE_AUTORELEASING = YES;
				CLANG_WARN_BOOL_CONVERSION = YES;
				CLANG_WARN_COMMA = YES;
				CLANG_WARN_CONSTANT_CONVERSION = YES;
				CLANG_WARN_DEPRECATED_OBJC_IMPLEMENTATIONS = YES;
				CLANG_WARN_DIRECT_OBJC_ISA_USAGE = YES_ERROR;
				CLANG_WARN_DOCUMENTATION_COMMENTS = YES;
				CLANG_WARN_EMPTY_BODY = YES;
				CLANG_WARN_ENUM_CONVERSION = YES;
				CLANG_WARN_INFINITE_RECURSION = YES;
				CLANG_WARN_INT_CONVERSION = YES;
				CLANG_WARN_NON_LITERAL_NULL_CONVERSION = YES;
				CLANG_WARN_OBJC_IMPLICIT_RETAIN_SELF = YES;
				CLANG_WARN_OBJC_LITERAL_CONVERSION = YES;
				CLANG_WARN_OBJC_ROOT_CLASS = YES_ERROR;
				CLANG_WARN_QUOTED_INCLUDE_IN_FRAMEWORK_HEADER = YES;
				CLANG_WARN_RANGE_LOOP_ANALYSIS = YES;
				CLANG_WARN_STRICT_PROTOTYPES = YES;
				CLANG_WARN_SUSPICIOUS_MOVE = YES;
				CLANG_WARN_UNGUARDED_AVAILABILITY = YES_AGGRESSIVE;
				CLANG_WARN_UNREACHABLE_CODE = YES;
				CLANG_WARN__DUPLICATE_METHOD_MATCH = YES;
				COPY_PHASE_STRIP = NO;
				DEBUG_INFORMATION_FORMAT = dwarf;
				ENABLE_STRICT_OBJC_MSGSEND = YES;
				ENABLE_TESTABILITY = YES;
				GCC_C_LANGUAGE_STANDARD = gnu11;
				GCC_DYNAMIC_NO_PIC = NO;
				GCC_NO_COMMON_BLOCKS = YES;
				GCC_OPTIMIZATION_LEVEL = 0;
				GCC_PREPROCESSOR_DEFINITIONS = (
					"DEBUG=1",
					"$(inherited)",
				);
				GCC_WARN_64_TO_32_BIT_CONVERSION = YES;
				GCC_WARN_ABOUT_RETURN_TYPE = YES_ERROR;
				GCC_WARN_UNDECLARED_SELECTOR = YES;
				GCC_WARN_UNINITIALIZED_AUTOS = YES_AGGRESSIVE;
				GCC_WARN_UNUSED_FUNCTION = YES;
				GCC_WARN_UNUSED_VARIABLE = YES;
				IPHONEOS_DEPLOYMENT_TARGET = 13.6;
				MTL_ENABLE_DEBUG_INFO = INCLUDE_SOURCE;
				MTL_FAST_MATH = YES;
				ONLY_ACTIVE_ARCH = YES;
				SDKROOT = iphoneos;
				SWIFT_ACTIVE_COMPILATION_CONDITIONS = DEBUG;
				SWIFT_OPTIMIZATION_LEVEL = "-Onone";
			};
			name = Debug;
		};
		8457C4DA250135FD00F3E37E /* Release */ = {
			isa = XCBuildConfiguration;
			baseConfigurationReference = 8474CD432516EFA500553655 /* Prod.xcconfig */;
			buildSettings = {
				ALWAYS_SEARCH_USER_PATHS = NO;
				CLANG_ANALYZER_NONNULL = YES;
				CLANG_ANALYZER_NUMBER_OBJECT_CONVERSION = YES_AGGRESSIVE;
				CLANG_CXX_LANGUAGE_STANDARD = "gnu++14";
				CLANG_CXX_LIBRARY = "libc++";
				CLANG_ENABLE_MODULES = YES;
				CLANG_ENABLE_OBJC_ARC = YES;
				CLANG_ENABLE_OBJC_WEAK = YES;
				CLANG_WARN_BLOCK_CAPTURE_AUTORELEASING = YES;
				CLANG_WARN_BOOL_CONVERSION = YES;
				CLANG_WARN_COMMA = YES;
				CLANG_WARN_CONSTANT_CONVERSION = YES;
				CLANG_WARN_DEPRECATED_OBJC_IMPLEMENTATIONS = YES;
				CLANG_WARN_DIRECT_OBJC_ISA_USAGE = YES_ERROR;
				CLANG_WARN_DOCUMENTATION_COMMENTS = YES;
				CLANG_WARN_EMPTY_BODY = YES;
				CLANG_WARN_ENUM_CONVERSION = YES;
				CLANG_WARN_INFINITE_RECURSION = YES;
				CLANG_WARN_INT_CONVERSION = YES;
				CLANG_WARN_NON_LITERAL_NULL_CONVERSION = YES;
				CLANG_WARN_OBJC_IMPLICIT_RETAIN_SELF = YES;
				CLANG_WARN_OBJC_LITERAL_CONVERSION = YES;
				CLANG_WARN_OBJC_ROOT_CLASS = YES_ERROR;
				CLANG_WARN_QUOTED_INCLUDE_IN_FRAMEWORK_HEADER = YES;
				CLANG_WARN_RANGE_LOOP_ANALYSIS = YES;
				CLANG_WARN_STRICT_PROTOTYPES = YES;
				CLANG_WARN_SUSPICIOUS_MOVE = YES;
				CLANG_WARN_UNGUARDED_AVAILABILITY = YES_AGGRESSIVE;
				CLANG_WARN_UNREACHABLE_CODE = YES;
				CLANG_WARN__DUPLICATE_METHOD_MATCH = YES;
				COPY_PHASE_STRIP = NO;
				DEBUG_INFORMATION_FORMAT = "dwarf-with-dsym";
				ENABLE_NS_ASSERTIONS = NO;
				ENABLE_STRICT_OBJC_MSGSEND = YES;
				GCC_C_LANGUAGE_STANDARD = gnu11;
				GCC_NO_COMMON_BLOCKS = YES;
				GCC_WARN_64_TO_32_BIT_CONVERSION = YES;
				GCC_WARN_ABOUT_RETURN_TYPE = YES_ERROR;
				GCC_WARN_UNDECLARED_SELECTOR = YES;
				GCC_WARN_UNINITIALIZED_AUTOS = YES_AGGRESSIVE;
				GCC_WARN_UNUSED_FUNCTION = YES;
				GCC_WARN_UNUSED_VARIABLE = YES;
				IPHONEOS_DEPLOYMENT_TARGET = 13.6;
				MTL_ENABLE_DEBUG_INFO = NO;
				MTL_FAST_MATH = YES;
				SDKROOT = iphoneos;
				SWIFT_COMPILATION_MODE = wholemodule;
				SWIFT_OPTIMIZATION_LEVEL = "-O";
				VALIDATE_PRODUCT = YES;
			};
			name = Release;
		};
		8457C4DC250135FD00F3E37E /* Debug */ = {
			isa = XCBuildConfiguration;
			buildSettings = {
				ASSETCATALOG_COMPILER_APPICON_NAME = AppIcon;
				CODE_SIGN_STYLE = Automatic;
				DEVELOPMENT_ASSET_PATHS = "\"Pokedex/Preview Content\"";
				DEVELOPMENT_TEAM = 32DX3M943S;
				ENABLE_PREVIEWS = YES;
				INFOPLIST_FILE = Pokedex/Info.plist;
				LD_RUNPATH_SEARCH_PATHS = (
					"$(inherited)",
					"@executable_path/Frameworks",
				);
				PRODUCT_BUNDLE_IDENTIFIER = "fr.test-devios.Pokedex";
				PRODUCT_NAME = "$(TARGET_NAME)";
				SWIFT_VERSION = 5.0;
				TARGETED_DEVICE_FAMILY = "1,2";
			};
			name = Debug;
		};
		8457C4DD250135FD00F3E37E /* Release */ = {
			isa = XCBuildConfiguration;
			buildSettings = {
				ASSETCATALOG_COMPILER_APPICON_NAME = AppIcon;
				CODE_SIGN_STYLE = Automatic;
				DEVELOPMENT_ASSET_PATHS = "\"Pokedex/Preview Content\"";
				DEVELOPMENT_TEAM = 32DX3M943S;
				ENABLE_PREVIEWS = YES;
				INFOPLIST_FILE = Pokedex/Info.plist;
				LD_RUNPATH_SEARCH_PATHS = (
					"$(inherited)",
					"@executable_path/Frameworks",
				);
				PRODUCT_BUNDLE_IDENTIFIER = "fr.test-devios.Pokedex";
				PRODUCT_NAME = "$(TARGET_NAME)";
				SWIFT_VERSION = 5.0;
				TARGETED_DEVICE_FAMILY = "1,2";
			};
			name = Release;
		};
		8457C4DF250135FD00F3E37E /* Debug */ = {
			isa = XCBuildConfiguration;
			buildSettings = {
				ALWAYS_EMBED_SWIFT_STANDARD_LIBRARIES = YES;
				BUNDLE_LOADER = "$(TEST_HOST)";
				CODE_SIGN_STYLE = Automatic;
				DEVELOPMENT_TEAM = 32DX3M943S;
				INFOPLIST_FILE = PokedexTests/Info.plist;
				IPHONEOS_DEPLOYMENT_TARGET = 13.6;
				LD_RUNPATH_SEARCH_PATHS = (
					"$(inherited)",
					"@executable_path/Frameworks",
					"@loader_path/Frameworks",
				);
				PRODUCT_BUNDLE_IDENTIFIER = "fr.test-devios.PokedexTests";
				PRODUCT_NAME = "$(TARGET_NAME)";
				SWIFT_VERSION = 5.0;
				TARGETED_DEVICE_FAMILY = "1,2";
				TEST_HOST = "$(BUILT_PRODUCTS_DIR)/Pokedex.app/Pokedex";
			};
			name = Debug;
		};
		8457C4E0250135FD00F3E37E /* Release */ = {
			isa = XCBuildConfiguration;
			buildSettings = {
				ALWAYS_EMBED_SWIFT_STANDARD_LIBRARIES = YES;
				BUNDLE_LOADER = "$(TEST_HOST)";
				CODE_SIGN_STYLE = Automatic;
				DEVELOPMENT_TEAM = 32DX3M943S;
				INFOPLIST_FILE = PokedexTests/Info.plist;
				IPHONEOS_DEPLOYMENT_TARGET = 13.6;
				LD_RUNPATH_SEARCH_PATHS = (
					"$(inherited)",
					"@executable_path/Frameworks",
					"@loader_path/Frameworks",
				);
				PRODUCT_BUNDLE_IDENTIFIER = "fr.test-devios.PokedexTests";
				PRODUCT_NAME = "$(TARGET_NAME)";
				SWIFT_VERSION = 5.0;
				TARGETED_DEVICE_FAMILY = "1,2";
				TEST_HOST = "$(BUILT_PRODUCTS_DIR)/Pokedex.app/Pokedex";
			};
			name = Release;
		};
		8457C4E2250135FD00F3E37E /* Debug */ = {
			isa = XCBuildConfiguration;
			buildSettings = {
				ALWAYS_EMBED_SWIFT_STANDARD_LIBRARIES = YES;
				CODE_SIGN_STYLE = Automatic;
				DEVELOPMENT_TEAM = 32DX3M943S;
				INFOPLIST_FILE = PokedexUITests/Info.plist;
				LD_RUNPATH_SEARCH_PATHS = (
					"$(inherited)",
					"@executable_path/Frameworks",
					"@loader_path/Frameworks",
				);
				PRODUCT_BUNDLE_IDENTIFIER = "fr.test-devios.PokedexUITests";
				PRODUCT_NAME = "$(TARGET_NAME)";
				SWIFT_VERSION = 5.0;
				TARGETED_DEVICE_FAMILY = "1,2";
				TEST_TARGET_NAME = Pokedex;
			};
			name = Debug;
		};
		8457C4E3250135FD00F3E37E /* Release */ = {
			isa = XCBuildConfiguration;
			buildSettings = {
				ALWAYS_EMBED_SWIFT_STANDARD_LIBRARIES = YES;
				CODE_SIGN_STYLE = Automatic;
				DEVELOPMENT_TEAM = 32DX3M943S;
				INFOPLIST_FILE = PokedexUITests/Info.plist;
				LD_RUNPATH_SEARCH_PATHS = (
					"$(inherited)",
					"@executable_path/Frameworks",
					"@loader_path/Frameworks",
				);
				PRODUCT_BUNDLE_IDENTIFIER = "fr.test-devios.PokedexUITests";
				PRODUCT_NAME = "$(TARGET_NAME)";
				SWIFT_VERSION = 5.0;
				TARGETED_DEVICE_FAMILY = "1,2";
				TEST_TARGET_NAME = Pokedex;
			};
			name = Release;
		};
		8474CD492516F03700553655 /* Prod */ = {
			isa = XCBuildConfiguration;
			baseConfigurationReference = 8474CD432516EFA500553655 /* Prod.xcconfig */;
			buildSettings = {
				ALWAYS_SEARCH_USER_PATHS = NO;
				CLANG_ANALYZER_NONNULL = YES;
				CLANG_ANALYZER_NUMBER_OBJECT_CONVERSION = YES_AGGRESSIVE;
				CLANG_CXX_LANGUAGE_STANDARD = "gnu++14";
				CLANG_CXX_LIBRARY = "libc++";
				CLANG_ENABLE_MODULES = YES;
				CLANG_ENABLE_OBJC_ARC = YES;
				CLANG_ENABLE_OBJC_WEAK = YES;
				CLANG_WARN_BLOCK_CAPTURE_AUTORELEASING = YES;
				CLANG_WARN_BOOL_CONVERSION = YES;
				CLANG_WARN_COMMA = YES;
				CLANG_WARN_CONSTANT_CONVERSION = YES;
				CLANG_WARN_DEPRECATED_OBJC_IMPLEMENTATIONS = YES;
				CLANG_WARN_DIRECT_OBJC_ISA_USAGE = YES_ERROR;
				CLANG_WARN_DOCUMENTATION_COMMENTS = YES;
				CLANG_WARN_EMPTY_BODY = YES;
				CLANG_WARN_ENUM_CONVERSION = YES;
				CLANG_WARN_INFINITE_RECURSION = YES;
				CLANG_WARN_INT_CONVERSION = YES;
				CLANG_WARN_NON_LITERAL_NULL_CONVERSION = YES;
				CLANG_WARN_OBJC_IMPLICIT_RETAIN_SELF = YES;
				CLANG_WARN_OBJC_LITERAL_CONVERSION = YES;
				CLANG_WARN_OBJC_ROOT_CLASS = YES_ERROR;
				CLANG_WARN_QUOTED_INCLUDE_IN_FRAMEWORK_HEADER = YES;
				CLANG_WARN_RANGE_LOOP_ANALYSIS = YES;
				CLANG_WARN_STRICT_PROTOTYPES = YES;
				CLANG_WARN_SUSPICIOUS_MOVE = YES;
				CLANG_WARN_UNGUARDED_AVAILABILITY = YES_AGGRESSIVE;
				CLANG_WARN_UNREACHABLE_CODE = YES;
				CLANG_WARN__DUPLICATE_METHOD_MATCH = YES;
				COPY_PHASE_STRIP = NO;
				DEBUG_INFORMATION_FORMAT = "dwarf-with-dsym";
				ENABLE_NS_ASSERTIONS = NO;
				ENABLE_STRICT_OBJC_MSGSEND = YES;
				GCC_C_LANGUAGE_STANDARD = gnu11;
				GCC_NO_COMMON_BLOCKS = YES;
				GCC_WARN_64_TO_32_BIT_CONVERSION = YES;
				GCC_WARN_ABOUT_RETURN_TYPE = YES_ERROR;
				GCC_WARN_UNDECLARED_SELECTOR = YES;
				GCC_WARN_UNINITIALIZED_AUTOS = YES_AGGRESSIVE;
				GCC_WARN_UNUSED_FUNCTION = YES;
				GCC_WARN_UNUSED_VARIABLE = YES;
				IPHONEOS_DEPLOYMENT_TARGET = 13.6;
				MTL_ENABLE_DEBUG_INFO = NO;
				MTL_FAST_MATH = YES;
				SDKROOT = iphoneos;
				SWIFT_COMPILATION_MODE = wholemodule;
				SWIFT_OPTIMIZATION_LEVEL = "-O";
				VALIDATE_PRODUCT = YES;
			};
			name = Prod;
		};
		8474CD4A2516F03700553655 /* Prod */ = {
			isa = XCBuildConfiguration;
			buildSettings = {
				ASSETCATALOG_COMPILER_APPICON_NAME = AppIcon;
				CODE_SIGN_STYLE = Automatic;
				DEVELOPMENT_ASSET_PATHS = "\"Pokedex/Preview Content\"";
				DEVELOPMENT_TEAM = 32DX3M943S;
				ENABLE_PREVIEWS = YES;
				INFOPLIST_FILE = Pokedex/Info.plist;
				LD_RUNPATH_SEARCH_PATHS = (
					"$(inherited)",
					"@executable_path/Frameworks",
				);
				PRODUCT_BUNDLE_IDENTIFIER = "fr.test-devios.Pokedex";
				PRODUCT_NAME = "$(TARGET_NAME)";
				SWIFT_VERSION = 5.0;
				TARGETED_DEVICE_FAMILY = "1,2";
			};
			name = Prod;
		};
		8474CD4B2516F03700553655 /* Prod */ = {
			isa = XCBuildConfiguration;
			buildSettings = {
				ALWAYS_EMBED_SWIFT_STANDARD_LIBRARIES = YES;
				BUNDLE_LOADER = "$(TEST_HOST)";
				CODE_SIGN_STYLE = Automatic;
				DEVELOPMENT_TEAM = 32DX3M943S;
				INFOPLIST_FILE = PokedexTests/Info.plist;
				IPHONEOS_DEPLOYMENT_TARGET = 13.6;
				LD_RUNPATH_SEARCH_PATHS = (
					"$(inherited)",
					"@executable_path/Frameworks",
					"@loader_path/Frameworks",
				);
				PRODUCT_BUNDLE_IDENTIFIER = "fr.test-devios.PokedexTests";
				PRODUCT_NAME = "$(TARGET_NAME)";
				SWIFT_VERSION = 5.0;
				TARGETED_DEVICE_FAMILY = "1,2";
				TEST_HOST = "$(BUILT_PRODUCTS_DIR)/Pokedex.app/Pokedex";
			};
			name = Prod;
		};
		8474CD4C2516F03700553655 /* Prod */ = {
			isa = XCBuildConfiguration;
			buildSettings = {
				ALWAYS_EMBED_SWIFT_STANDARD_LIBRARIES = YES;
				CODE_SIGN_STYLE = Automatic;
				DEVELOPMENT_TEAM = 32DX3M943S;
				INFOPLIST_FILE = PokedexUITests/Info.plist;
				LD_RUNPATH_SEARCH_PATHS = (
					"$(inherited)",
					"@executable_path/Frameworks",
					"@loader_path/Frameworks",
				);
				PRODUCT_BUNDLE_IDENTIFIER = "fr.test-devios.PokedexUITests";
				PRODUCT_NAME = "$(TARGET_NAME)";
				SWIFT_VERSION = 5.0;
				TARGETED_DEVICE_FAMILY = "1,2";
				TEST_TARGET_NAME = Pokedex;
			};
			name = Prod;
		};
/* End XCBuildConfiguration section */

/* Begin XCConfigurationList section */
		8457C4A9250135FA00F3E37E /* Build configuration list for PBXProject "Pokedex" */ = {
			isa = XCConfigurationList;
			buildConfigurations = (
				8457C4D9250135FD00F3E37E /* Debug */,
				8457C4DA250135FD00F3E37E /* Release */,
				8474CD492516F03700553655 /* Prod */,
			);
			defaultConfigurationIsVisible = 0;
			defaultConfigurationName = Release;
		};
		8457C4DB250135FD00F3E37E /* Build configuration list for PBXNativeTarget "Pokedex" */ = {
			isa = XCConfigurationList;
			buildConfigurations = (
				8457C4DC250135FD00F3E37E /* Debug */,
				8457C4DD250135FD00F3E37E /* Release */,
				8474CD4A2516F03700553655 /* Prod */,
			);
			defaultConfigurationIsVisible = 0;
			defaultConfigurationName = Release;
		};
		8457C4DE250135FD00F3E37E /* Build configuration list for PBXNativeTarget "PokedexTests" */ = {
			isa = XCConfigurationList;
			buildConfigurations = (
				8457C4DF250135FD00F3E37E /* Debug */,
				8457C4E0250135FD00F3E37E /* Release */,
				8474CD4B2516F03700553655 /* Prod */,
			);
			defaultConfigurationIsVisible = 0;
			defaultConfigurationName = Release;
		};
		8457C4E1250135FD00F3E37E /* Build configuration list for PBXNativeTarget "PokedexUITests" */ = {
			isa = XCConfigurationList;
			buildConfigurations = (
				8457C4E2250135FD00F3E37E /* Debug */,
				8457C4E3250135FD00F3E37E /* Release */,
				8474CD4C2516F03700553655 /* Prod */,
			);
			defaultConfigurationIsVisible = 0;
			defaultConfigurationName = Release;
		};
/* End XCConfigurationList section */

/* Begin XCVersionGroup section */
		8457C4B5250135FA00F3E37E /* Pokedex.xcdatamodeld */ = {
			isa = XCVersionGroup;
			children = (
				8457C4B6250135FA00F3E37E /* Pokedex.xcdatamodel */,
			);
			currentVersion = 8457C4B6250135FA00F3E37E /* Pokedex.xcdatamodel */;
			path = Pokedex.xcdatamodeld;
			sourceTree = "<group>";
			versionGroupType = wrapper.xcdatamodel;
		};
/* End XCVersionGroup section */
	};
	rootObject = 8457C4A6250135FA00F3E37E /* Project object */;
}
